
Microsoft Visual Studio Solution File, Format Version 12.00
# Visual Studio Version 17
VisualStudioVersion = 17.14.36603.0
MinimumVisualStudioVersion = 10.0.40219.1
Project("{FAE04EC0-301F-11D3-BF4B-00C04F79EFBC}") = "UserApi", "UserApi\UserApi.csproj", "{716B9582-CF59-42E6-8831-E060DB400ADB}"
EndProject
Project("{FAE04EC0-301F-11D3-BF4B-00C04F79EFBC}") = "UserAppMaui", "UserAppMaui\UserAppMaui.csproj", "{5D5E1FD0-FE5F-4801-945A-F06D54E64C9B}"
EndProject
Global
	GlobalSection(SolutionConfigurationPlatforms) = preSolution
		Debug|Any CPU = Debug|Any CPU
		Debug|x64 = Debug|x64
		Release|Any CPU = Release|Any CPU
		Release|x64 = Release|x64
	EndGlobalSection
	GlobalSection(ProjectConfigurationPlatforms) = postSolution
		{716B9582-CF59-42E6-8831-E060DB400ADB}.Debug|Any CPU.ActiveCfg = Debug|Any CPU
		{716B9582-CF59-42E6-8831-E060DB400ADB}.Debug|Any CPU.Build.0 = Debug|Any CPU
		{716B9582-CF59-42E6-8831-E060DB400ADB}.Debug|x64.ActiveCfg = Debug|Any CPU
		{716B9582-CF59-42E6-8831-E060DB400ADB}.Debug|x64.Build.0 = Debug|Any CPU
		{716B9582-CF59-42E6-8831-E060DB400ADB}.Release|Any CPU.ActiveCfg = Release|Any CPU
		{716B9582-CF59-42E6-8831-E060DB400ADB}.Release|Any CPU.Build.0 = Release|Any CPU
		{716B9582-CF59-42E6-8831-E060DB400ADB}.Release|x64.ActiveCfg = Release|Any CPU
		{716B9582-CF59-42E6-8831-E060DB400ADB}.Release|x64.Build.0 = Release|Any CPU
		{5D5E1FD0-FE5F-4801-945A-F06D54E64C9B}.Debug|Any CPU.ActiveCfg = Debug|Any CPU
		{5D5E1FD0-FE5F-4801-945A-F06D54E64C9B}.Debug|Any CPU.Build.0 = Debug|Any CPU
		{5D5E1FD0-FE5F-4801-945A-F06D54E64C9B}.Debug|Any CPU.Deploy.0 = Debug|Any CPU
		{5D5E1FD0-FE5F-4801-945A-F06D54E64C9B}.Debug|x64.ActiveCfg = Debug|Any CPU
		{5D5E1FD0-FE5F-4801-945A-F06D54E64C9B}.Debug|x64.Build.0 = Debug|Any CPU
		{5D5E1FD0-FE5F-4801-945A-F06D54E64C9B}.Release|Any CPU.ActiveCfg = Release|Any CPU
		{5D5E1FD0-FE5F-4801-945A-F06D54E64C9B}.Release|Any CPU.Build.0 = Release|Any CPU
		{5D5E1FD0-FE5F-4801-945A-F06D54E64C9B}.Release|x64.ActiveCfg = Release|Any CPU
		{5D5E1FD0-FE5F-4801-945A-F06D54E64C9B}.Release|x64.Build.0 = Release|Any CPU
	EndGlobalSection
	GlobalSection(SolutionProperties) = preSolution
		HideSolutionNode = FALSE
	EndGlobalSection
	GlobalSection(ExtensibilityGlobals) = postSolution
		SolutionGuid = {0A995CA4-23C5-4429-8BAB-1A1C793DCEFC}
	EndGlobalSection
EndGlobal
